{
  "name": "GetStartedWithWeb3",
  "lockfileVersion": 3,
  "requires": true,
  "packages": {
    "": {
      "dependencies": {
        "gitbook-plugin-mermaid-gb3": "^2.1.0"
      }
    },
    "node_modules/d3": {
      "version": "3.5.17",
      "resolved": "https://registry.npmjs.org/d3/-/d3-3.5.17.tgz",
      "integrity": "sha512-yFk/2idb8OHPKkbAL8QaOaqENNoMhIaSHZerk3oQsECwkObkCpJyjYwCe+OHiq6UEdhe1m8ZGARRRO3ljFjlKg=="
    },
    "node_modules/dagre-d3-renderer": {
      "version": "0.4.26",
      "resolved": "https://registry.npmjs.org/dagre-d3-renderer/-/dagre-d3-renderer-0.4.26.tgz",
      "integrity": "sha512-vOWj1uA4/APTrfDyfHaH/xpfXhPh9rszW+HOaEwPCeA6Afl06Lobfh7OpESuVMQW2QGuY4UQ7pte/p0WhdDs7w==",
      "dependencies": {
        "d3": "3.5.17",
        "dagre-layout": "^0.8.0",
        "graphlib": "^2.1.1",
        "lodash": "^4.17.4"
      }
    },
    "node_modules/dagre-layout": {
      "version": "0.8.8",
      "resolved": "https://registry.npmjs.org/dagre-layout/-/dagre-layout-0.8.8.tgz",
      "integrity": "sha512-ZNV15T9za7X+fV8Z07IZquUKugCxm5owoiPPxfEx6OJRD331nkiIaF3vSt0JEY5FkrY0KfRQxcpQ3SpXB7pLPQ==",
      "dependencies": {
        "graphlibrary": "^2.2.0",
        "lodash": "^4.17.5"
      }
    },
    "node_modules/gitbook-plugin-mermaid-gb3": {
      "version": "2.1.0",
      "resolved": "https://registry.npmjs.org/gitbook-plugin-mermaid-gb3/-/gitbook-plugin-mermaid-gb3-2.1.0.tgz",
      "integrity": "sha512-xCvOWNqkrVrWcBMDGT0ANWlut4GKVzzHh834zy8Ti4Bv7kvGtqA72ykuxBRcJUS+eSVDJNkaQ5D1wF6CNZH9rw==",
      "dependencies": {
        "mermaid": "^7.0.7"
      },
      "engines": {
        "gitbook": "*"
      }
    },
    "node_modules/graphlib": {
      "version": "2.1.8",
      "resolved": "https://registry.npmjs.org/graphlib/-/graphlib-2.1.8.tgz",
      "integrity": "sha512-jcLLfkpoVGmH7/InMC/1hIvOPSUh38oJtGhvrOFGzioE1DZ+0YW16RgmOJhHiuWTvGiJQ9Z1Ik43JvkRPRvE+A==",
      "dependencies": {
        "lodash": "^4.17.15"
      }
    },
    "node_modules/graphlibrary": {
      "version": "2.2.0",
      "resolved": "https://registry.npmjs.org/graphlibrary/-/graphlibrary-2.2.0.tgz",
      "integrity": "sha512-XTcvT55L8u4MBZrM37zXoUxsgxs/7sow7YSygd9CIwfWTVO8RVu7AYXhhCiTuFEf+APKgx6Jk4SuQbYR0vYKmQ==",
      "dependencies": {
        "lodash": "^4.17.5"
      }
    },
    "node_modules/he": {
      "version": "1.2.0",
      "resolved": "https://registry.npmjs.org/he/-/he-1.2.0.tgz",
      "integrity": "sha512-F/1DnUGPopORZi0ni+CvrCgHQ5FyEAHRLSApuYWMmrbSwoN2Mn/7k+Gl38gJnR7yyDZk6WLXwiGod1JOWNDKGw==",
      "bin": {
        "he": "bin/he"
      }
    },
    "node_modules/lodash": {
      "version": "4.17.21",
      "resolved": "https://registry.npmjs.org/lodash/-/lodash-4.17.21.tgz",
      "integrity": "sha512-v2kDEe57lecTulaDIuNTPy3Ry4gLGJ6Z1O3vE1krgXZNrsQ+LFTGHVxVjcXPs17LhbZVGedAJv8XZ1tvj5FvSg=="
    },
    "node_modules/mermaid": {
      "version": "7.1.2",
      "resolved": "https://registry.npmjs.org/mermaid/-/mermaid-7.1.2.tgz",
      "integrity": "sha512-bDLu3fQuf3/R0fNkNzB0GTaF7+6SxnZpfTs9DVQF1ougsuP23MBzvEIGfL0ML8zeyg7+J2D+0AaoLVhskW5ulw==",
      "dependencies": {
        "d3": "3.5.17",
        "dagre-d3-renderer": "^0.4.25",
        "dagre-layout": "^0.8.0",
        "he": "^1.1.1",
        "lodash": "^4.17.4",
        "moment": "^2.20.1"
      }
    },
    "node_modules/moment": {
      "version": "2.30.1",
      "resolved": "https://registry.npmjs.org/moment/-/moment-2.30.1.tgz",
      "integrity": "sha512-uEmtNhbDOrWPFS+hdjFCBfy9f2YoyzRpwcl+DqpC6taX21FzsTLQVbMV/W7PzNSX6x/bhC1zA3c2UQ5NzH6how==",
      "engines": {
        "node": "*"
      }
    }
  }
}
